
Microsoft Visual Studio Solution File, Format Version 12.00
# Visual Studio Version 17
VisualStudioVersion = 17.6.33801.468
MinimumVisualStudioVersion = 10.0.40219.1
Project("{FAE04EC0-301F-11D3-BF4B-00C04F79EFBC}") = "WebAPIReceita", "WebAPIReceita\WebAPIReceita.csproj", "{2D0645F4-A31B-4F4D-AD6D-7664BC392BBD}"
EndProject
Global
	GlobalSection(SolutionConfigurationPlatforms) = preSolution
		Debug|Any CPU = Debug|Any CPU
		Release|Any CPU = Release|Any CPU
	EndGlobalSection
	GlobalSection(ProjectConfigurationPlatforms) = postSolution
		{2D0645F4-A31B-4F4D-AD6D-7664BC392BBD}.Debug|Any CPU.ActiveCfg = Debug|Any CPU
		{2D0645F4-A31B-4F4D-AD6D-7664BC392BBD}.Debug|Any CPU.Build.0 = Debug|Any CPU
		{2D0645F4-A31B-4F4D-AD6D-7664BC392BBD}.Release|Any CPU.ActiveCfg = Release|Any CPU
		{2D0645F4-A31B-4F4D-AD6D-7664BC392BBD}.Release|Any CPU.Build.0 = Release|Any CPU
	EndGlobalSection
	GlobalSection(SolutionProperties) = preSolution
		HideSolutionNode = FALSE
	EndGlobalSection
	GlobalSection(ExtensibilityGlobals) = postSolution
		SolutionGuid = {9936F050-1E3F-474D-9028-FF24BB867C6A}
	EndGlobalSection
EndGlobal
